
Microsoft Visual Studio Solution File, Format Version 11.00
# Visual Studio 2010
Project("{FAE04EC0-301F-11D3-BF4B-00C04F79EFBC}") = "Assembly-CSharp", "Assembly-CSharp.csproj", "{F9E05A08-4CC5-8287-8C2E-00420CD8D9A5}"
EndProject
Project("{FAE04EC0-301F-11D3-BF4B-00C04F79EFBC}") = "Assembly-CSharp-Editor", "Assembly-CSharp-Editor.csproj", "{83A570E9-2D32-57E9-79AE-89AD85141527}"
EndProject
Global
	GlobalSection(SolutionConfigurationPlatforms) = preSolution
		Debug|Any CPU = Debug|Any CPU
		Release|Any CPU = Release|Any CPU
	EndGlobalSection
	GlobalSection(ProjectConfigurationPlatforms) = postSolution
		{F9E05A08-4CC5-8287-8C2E-00420CD8D9A5}.Debug|Any CPU.ActiveCfg = Debug|Any CPU
		{F9E05A08-4CC5-8287-8C2E-00420CD8D9A5}.Debug|Any CPU.Build.0 = Debug|Any CPU
		{F9E05A08-4CC5-8287-8C2E-00420CD8D9A5}.Release|Any CPU.ActiveCfg = Release|Any CPU
		{F9E05A08-4CC5-8287-8C2E-00420CD8D9A5}.Release|Any CPU.Build.0 = Release|Any CPU
		{83A570E9-2D32-57E9-79AE-89AD85141527}.Debug|Any CPU.ActiveCfg = Debug|Any CPU
		{83A570E9-2D32-57E9-79AE-89AD85141527}.Debug|Any CPU.Build.0 = Debug|Any CPU
		{83A570E9-2D32-57E9-79AE-89AD85141527}.Release|Any CPU.ActiveCfg = Release|Any CPU
		{83A570E9-2D32-57E9-79AE-89AD85141527}.Release|Any CPU.Build.0 = Release|Any CPU
	EndGlobalSection
	GlobalSection(SolutionProperties) = preSolution
		HideSolutionNode = FALSE
	EndGlobalSection
	GlobalSection(MonoDevelopProperties) = preSolution
		StartupItem = Assembly-CSharp.csproj
	EndGlobalSection
EndGlobal
